
Microsoft Visual Studio Solution File, Format Version 12.00
# Visual Studio Version 17
VisualStudioVersion = 17.3.32825.248
MinimumVisualStudioVersion = 10.0.40219.1
Project("{FAE04EC0-301F-11D3-BF4B-00C04F79EFBC}") = "Exercitii_laborator_16_part2", "Exercitii_laborator_16_part2\Exercitii_laborator_16_part2.csproj", "{C5D79D03-D5DF-49C8-A384-790F7C2DEAA5}"
EndProject
Global
	GlobalSection(SolutionConfigurationPlatforms) = preSolution
		Debug|Any CPU = Debug|Any CPU
		Release|Any CPU = Release|Any CPU
	EndGlobalSection
	GlobalSection(ProjectConfigurationPlatforms) = postSolution
		{C5D79D03-D5DF-49C8-A384-790F7C2DEAA5}.Debug|Any CPU.ActiveCfg = Debug|Any CPU
		{C5D79D03-D5DF-49C8-A384-790F7C2DEAA5}.Debug|Any CPU.Build.0 = Debug|Any CPU
		{C5D79D03-D5DF-49C8-A384-790F7C2DEAA5}.Release|Any CPU.ActiveCfg = Release|Any CPU
		{C5D79D03-D5DF-49C8-A384-790F7C2DEAA5}.Release|Any CPU.Build.0 = Release|Any CPU
	EndGlobalSection
	GlobalSection(SolutionProperties) = preSolution
		HideSolutionNode = FALSE
	EndGlobalSection
	GlobalSection(ExtensibilityGlobals) = postSolution
		SolutionGuid = {0FE2646A-1214-474C-B833-914833D21DFF}
	EndGlobalSection
EndGlobal
